github.com/cdvelop/tinystring v0.6.0 h1:811MinpQIrCASP7qS/Gm7Ilmu05ys8pU6nZV9z3FjE4=
github.com/cdvelop/tinystring v0.6.0/go.mod h1:85ltrACJtjf1Zu/o8kqwHGKAiN0oBwb+TR2tkXdURJo=
github.com/cdvelop/wasmtest v0.0.8 h1:852iCoxAYHuX6OvvL9gkLsODOi8B/C/gOBpWQnJScI4=
github.com/cdvelop/wasmtest v0.0.8/go.mod h1:JLf/e8lVq5lO96GgJH6rencPvETusRYx5PBUNV8PmsY=
